
Microsoft Visual Studio Solution File, Format Version 12.00
# Visual Studio Version 17
VisualStudioVersion = 17.13.35931.197
MinimumVisualStudioVersion = 10.0.40219.1
Project("{FAE04EC0-301F-11D3-BF4B-00C04F79EFBC}") = "SportsBattleApp", "SportsBattleApp.csproj", "{D05EF57D-3885-4798-B071-147D8F92BEC0}"
EndProject
Global
	GlobalSection(SolutionConfigurationPlatforms) = preSolution
		Debug|Any CPU = Debug|Any CPU
		Release|Any CPU = Release|Any CPU
	EndGlobalSection
	GlobalSection(ProjectConfigurationPlatforms) = postSolution
		{D05EF57D-3885-4798-B071-147D8F92BEC0}.Debug|Any CPU.ActiveCfg = Debug|Any CPU
		{D05EF57D-3885-4798-B071-147D8F92BEC0}.Debug|Any CPU.Build.0 = Debug|Any CPU
		{D05EF57D-3885-4798-B071-147D8F92BEC0}.Release|Any CPU.ActiveCfg = Release|Any CPU
		{D05EF57D-3885-4798-B071-147D8F92BEC0}.Release|Any CPU.Build.0 = Release|Any CPU
	EndGlobalSection
	GlobalSection(SolutionProperties) = preSolution
		HideSolutionNode = FALSE
	EndGlobalSection
	GlobalSection(ExtensibilityGlobals) = postSolution
		SolutionGuid = {561B6CC0-D1F9-4E70-84D9-848B36106C0A}
	EndGlobalSection
EndGlobal
